// !$*UTF8*$!
{
	archiveVersion = 1;
	classes = {
	};
	objectVersion = 52;
	objects = {

/* Begin PBXBuildFile section */
		AC02C7212512194D003B4650 /* CustomViewCell.swift in Sources */ = {isa = PBXBuildFile; fileRef = AC02C71F2512194D003B4650 /* CustomViewCell.swift */; };
		AC02C7222512194D003B4650 /* CustomViewCell.xib in Resources */ = {isa = PBXBuildFile; fileRef = AC02C7202512194D003B4650 /* CustomViewCell.xib */; };
		AC02C725251228AC003B4650 /* User.swift in Sources */ = {isa = PBXBuildFile; fileRef = AC02C724251228AC003B4650 /* User.swift */; };
		AC02C72825122A66003B4650 /* Alamofire in Frameworks */ = {isa = PBXBuildFile; productRef = AC02C72725122A66003B4650 /* Alamofire */; };
		ACABB1752512B71C00727873 /* DetailViewController.swift in Sources */ = {isa = PBXBuildFile; fileRef = ACABB1742512B71C00727873 /* DetailViewController.swift */; };
		ACDE9129250F7DC6003C403B /* AppDelegate.swift in Sources */ = {isa = PBXBuildFile; fileRef = ACDE9128250F7DC6003C403B /* AppDelegate.swift */; };
		ACDE912B250F7DC7003C403B /* SceneDelegate.swift in Sources */ = {isa = PBXBuildFile; fileRef = ACDE912A250F7DC7003C403B /* SceneDelegate.swift */; };
		ACDE912D250F7DC7003C403B /* ViewController.swift in Sources */ = {isa = PBXBuildFile; fileRef = ACDE912C250F7DC7003C403B /* ViewController.swift */; };
		ACDE9130250F7DC7003C403B /* Main.storyboard in Resources */ = {isa = PBXBuildFile; fileRef = ACDE912E250F7DC7003C403B /* Main.storyboard */; };
		ACDE9132250F7DC8003C403B /* Assets.xcassets in Resources */ = {isa = PBXBuildFile; fileRef = ACDE9131250F7DC8003C403B /* Assets.xcassets */; };
		ACDE9135250F7DC8003C403B /* LaunchScreen.storyboard in Resources */ = {isa = PBXBuildFile; fileRef = ACDE9133250F7DC8003C403B /* LaunchScreen.storyboard */; };
/* End PBXBuildFile section */

/* Begin PBXFileReference section */
		AC02C71F2512194D003B4650 /* CustomViewCell.swift */ = {isa = PBXFileReference; lastKnownFileType = sourcecode.swift; path = CustomViewCell.swift; sourceTree = "<group>"; };
		AC02C7202512194D003B4650 /* CustomViewCell.xib */ = {isa = PBXFileReference; lastKnownFileType = file.xib; path = CustomViewCell.xib; sourceTree = "<group>"; };
		AC02C724251228AC003B4650 /* User.swift */ = {isa = PBXFileReference; lastKnownFileType = sourcecode.swift; path = User.swift; sourceTree = "<group>"; };
		ACABB1742512B71C00727873 /* DetailViewController.swift */ = {isa = PBXFileReference; lastKnownFileType = sourcecode.swift; path = DetailViewController.swift; sourceTree = "<group>"; };
		ACDE9125250F7DC6003C403B /* JsonPlaceHolderApp.app */ = {isa = PBXFileReference; explicitFileType = wrapper.application; includeInIndex = 0; path = JsonPlaceHolderApp.app; sourceTree = BUILT_PRODUCTS_DIR; };
		ACDE9128250F7DC6003C403B /* AppDelegate.swift */ = {isa = PBXFileReference; lastKnownFileType = sourcecode.swift; path = AppDelegate.swift; sourceTree = "<group>"; };
		ACDE912A250F7DC7003C403B /* SceneDelegate.swift */ = {isa = PBXFileReference; lastKnownFileType = sourcecode.swift; path = SceneDelegate.swift; sourceTree = "<group>"; };
		ACDE912C250F7DC7003C403B /* ViewController.swift */ = {isa = PBXFileReference; lastKnownFileType = sourcecode.swift; path = ViewController.swift; sourceTree = "<group>"; };
		ACDE912F250F7DC7003C403B /* Base */ = {isa = PBXFileReference; lastKnownFileType = file.storyboard; name = Base; path = Base.lproj/Main.storyboard; sourceTree = "<group>"; };
		ACDE9131250F7DC8003C403B /* Assets.xcassets */ = {isa = PBXFileReference; lastKnownFileType = folder.assetcatalog; path = Assets.xcassets; sourceTree = "<group>"; };
		ACDE9134250F7DC8003C403B /* Base */ = {isa = PBXFileReference; lastKnownFileType = file.storyboard; name = Base; path = Base.lproj/LaunchScreen.storyboard; sourceTree = "<group>"; };
		ACDE9136250F7DC8003C403B /* Info.plist */ = {isa = PBXFileReference; lastKnownFileType = text.plist.xml; path = Info.plist; sourceTree = "<group>"; };
/* End PBXFileReference section */

/* Begin PBXFrameworksBuildPhase section */
		ACDE9122250F7DC6003C403B /* Frameworks */ = {
			isa = PBXFrameworksBuildPhase;
			buildActionMask = 2147483647;
			files = (
				AC02C72825122A66003B4650 /* Alamofire in Frameworks */,
			);
			runOnlyForDeploymentPostprocessing = 0;
		};
/* End PBXFrameworksBuildPhase section */

/* Begin PBXGroup section */
		AC02C71E251218D4003B4650 /* Cell */ = {
			isa = PBXGroup;
			children = (
				AC02C71F2512194D003B4650 /* CustomViewCell.swift */,
				AC02C7202512194D003B4650 /* CustomViewCell.xib */,
			);
			path = Cell;
			sourceTree = "<group>";
		};
		AC02C72325122887003B4650 /* Models */ = {
			isa = PBXGroup;
			children = (
				AC02C724251228AC003B4650 /* User.swift */,
			);
			path = Models;
			sourceTree = "<group>";
		};
		ACABB1732512B6C400727873 /* Views */ = {
			isa = PBXGroup;
			children = (
				ACDE912C250F7DC7003C403B /* ViewController.swift */,
				ACABB1742512B71C00727873 /* DetailViewController.swift */,
			);
			path = Views;
			sourceTree = "<group>";
		};
		ACDE911C250F7DC6003C403B = {
			isa = PBXGroup;
			children = (
				ACDE9127250F7DC6003C403B /* JsonPlaceHolderApp */,
				ACDE9126250F7DC6003C403B /* Products */,
			);
			sourceTree = "<group>";
		};
		ACDE9126250F7DC6003C403B /* Products */ = {
			isa = PBXGroup;
			children = (
				ACDE9125250F7DC6003C403B /* JsonPlaceHolderApp.app */,
			);
			name = Products;
			sourceTree = "<group>";
		};
		ACDE9127250F7DC6003C403B /* JsonPlaceHolderApp */ = {
			isa = PBXGroup;
			children = (
				ACABB1732512B6C400727873 /* Views */,
				AC02C72325122887003B4650 /* Models */,
				AC02C71E251218D4003B4650 /* Cell */,
				ACDE9128250F7DC6003C403B /* AppDelegate.swift */,
				ACDE912A250F7DC7003C403B /* SceneDelegate.swift */,
				ACDE912E250F7DC7003C403B /* Main.storyboard */,
				ACDE9131250F7DC8003C403B /* Assets.xcassets */,
				ACDE9133250F7DC8003C403B /* LaunchScreen.storyboard */,
				ACDE9136250F7DC8003C403B /* Info.plist */,
			);
			path = JsonPlaceHolderApp;
			sourceTree = "<group>";
		};
/* End PBXGroup section */

/* Begin PBXNativeTarget section */
		ACDE9124250F7DC6003C403B /* JsonPlaceHolderApp */ = {
			isa = PBXNativeTarget;
			buildConfigurationList = ACDE9139250F7DC8003C403B /* Build configuration list for PBXNativeTarget "JsonPlaceHolderApp" */;
			buildPhases = (
				ACDE9121250F7DC6003C403B /* Sources */,
				ACDE9122250F7DC6003C403B /* Frameworks */,
				ACDE9123250F7DC6003C403B /* Resources */,
			);
			buildRules = (
			);
			dependencies = (
			);
			name = JsonPlaceHolderApp;
			packageProductDependencies = (
				AC02C72725122A66003B4650 /* Alamofire */,
			);
			productName = JsonPlaceHolderApp;
			productReference = ACDE9125250F7DC6003C403B /* JsonPlaceHolderApp.app */;
			productType = "com.apple.product-type.application";
		};
/* End PBXNativeTarget section */

/* Begin PBXProject section */
		ACDE911D250F7DC6003C403B /* Project object */ = {
			isa = PBXProject;
			attributes = {
				LastSwiftUpdateCheck = 1170;
				LastUpgradeCheck = 1170;
				ORGANIZATIONNAME = "Andres Rivas";
				TargetAttributes = {
					ACDE9124250F7DC6003C403B = {
						CreatedOnToolsVersion = 11.7;
					};
				};
			};
			buildConfigurationList = ACDE9120250F7DC6003C403B /* Build configuration list for PBXProject "JsonPlaceHolderApp" */;
			compatibilityVersion = "Xcode 9.3";
			developmentRegion = en;
			hasScannedForEncodings = 0;
			knownRegions = (
				en,
				Base,
			);
			mainGroup = ACDE911C250F7DC6003C403B;
			packageReferences = (
				AC02C72625122A66003B4650 /* XCRemoteSwiftPackageReference "Alamofire" */,
			);
			productRefGroup = ACDE9126250F7DC6003C403B /* Products */;
			projectDirPath = "";
			projectRoot = "";
			targets = (
				ACDE9124250F7DC6003C403B /* JsonPlaceHolderApp */,
			);
		};
/* End PBXProject section */

/* Begin PBXResourcesBuildPhase section */
		ACDE9123250F7DC6003C403B /* Resources */ = {
			isa = PBXResourcesBuildPhase;
			buildActionMask = 2147483647;
			files = (
				ACDE9135250F7DC8003C403B /* LaunchScreen.storyboard in Resources */,
				AC02C7222512194D003B4650 /* CustomViewCell.xib in Resources */,
				ACDE9132250F7DC8003C403B /* Assets.xcassets in Resources */,
				ACDE9130250F7DC7003C403B /* Main.storyboard in Resources */,
			);
			runOnlyForDeploymentPostprocessing = 0;
		};
/* End PBXResourcesBuildPhase section */

/* Begin PBXSourcesBuildPhase section */
		ACDE9121250F7DC6003C403B /* Sources */ = {
			isa = PBXSourcesBuildPhase;
			buildActionMask = 2147483647;
			files = (
				ACDE912D250F7DC7003C403B /* ViewController.swift in Sources */,
				AC02C7212512194D003B4650 /* CustomViewCell.swift in Sources */,
				ACDE9129250F7DC6003C403B /* AppDelegate.swift in Sources */,
				ACABB1752512B71C00727873 /* DetailViewController.swift in Sources */,
				AC02C725251228AC003B4650 /* User.swift in Sources */,
				ACDE912B250F7DC7003C403B /* SceneDelegate.swift in Sources */,
			);
			runOnlyForDeploymentPostprocessing = 0;
		};
/* End PBXSourcesBuildPhase section */

/* Begin PBXVariantGroup section */
		ACDE912E250F7DC7003C403B /* Main.storyboard */ = {
			isa = PBXVariantGroup;
			children = (
				ACDE912F250F7DC7003C403B /* Base */,
			);
			name = Main.storyboard;
			sourceTree = "<group>";
		};
		ACDE9133250F7DC8003C403B /* LaunchScreen.storyboard */ = {
			isa = PBXVariantGroup;
			children = (
				ACDE9134250F7DC8003C403B /* Base */,
			);
			name = LaunchScreen.storyboard;
			sourceTree = "<group>";
		};
/* End PBXVariantGroup section */

/* Begin XCBuildConfiguration section */
		ACDE9137250F7DC8003C403B /* Debug */ = {
			isa = XCBuildConfiguration;
			buildSettings = {
				ALWAYS_SEARCH_USER_PATHS = NO;
				CLANG_ANALYZER_NONNULL = YES;
				CLANG_ANALYZER_NUMBER_OBJECT_CONVERSION = YES_AGGRESSIVE;
				CLANG_CXX_LANGUAGE_STANDARD = "gnu++14";
				CLANG_CXX_LIBRARY = "libc++";
				CLANG_ENABLE_MODULES = YES;
				CLANG_ENABLE_OBJC_ARC = YES;
				CLANG_ENABLE_OBJC_WEAK = YES;
				CLANG_WARN_BLOCK_CAPTURE_AUTORELEASING = YES;
				CLANG_WARN_BOOL_CONVERSION = YES;
				CLANG_WARN_COMMA = YES;
				CLANG_WARN_CONSTANT_CONVERSION = YES;
				CLANG_WARN_DEPRECATED_OBJC_IMPLEMENTATIONS = YES;
				CLANG_WARN_DIRECT_OBJC_ISA_USAGE = YES_ERROR;
				CLANG_WARN_DOCUMENTATION_COMMENTS = YES;
				CLANG_WARN_EMPTY_BODY = YES;
				CLANG_WARN_ENUM_CONVERSION = YES;
				CLANG_WARN_INFINITE_RECURSION = YES;
				CLANG_WARN_INT_CONVERSION = YES;
				CLANG_WARN_NON_LITERAL_NULL_CONVERSION = YES;
				CLANG_WARN_OBJC_IMPLICIT_RETAIN_SELF = YES;
				CLANG_WARN_OBJC_LITERAL_CONVERSION = YES;
				CLANG_WARN_OBJC_ROOT_CLASS = YES_ERROR;
				CLANG_WARN_RANGE_LOOP_ANALYSIS = YES;
				CLANG_WARN_STRICT_PROTOTYPES = YES;
				CLANG_WARN_SUSPICIOUS_MOVE = YES;
				CLANG_WARN_UNGUARDED_AVAILABILITY = YES_AGGRESSIVE;
				CLANG_WARN_UNREACHABLE_CODE = YES;
				CLANG_WARN__DUPLICATE_METHOD_MATCH = YES;
				COPY_PHASE_STRIP = NO;
				DEBUG_INFORMATION_FORMAT = dwarf;
				ENABLE_STRICT_OBJC_MSGSEND = YES;
				ENABLE_TESTABILITY = YES;
				GCC_C_LANGUAGE_STANDARD = gnu11;
				GCC_DYNAMIC_NO_PIC = NO;
				GCC_NO_COMMON_BLOCKS = YES;
				GCC_OPTIMIZATION_LEVEL = 0;
				GCC_PREPROCESSOR_DEFINITIONS = (
					"DEBUG=1",
					"$(inherited)",
				);
				GCC_WARN_64_TO_32_BIT_CONVERSION = YES;
				GCC_WARN_ABOUT_RETURN_TYPE = YES_ERROR;
				GCC_WARN_UNDECLARED_SELECTOR = YES;
				GCC_WARN_UNINITIALIZED_AUTOS = YES_AGGRESSIVE;
				GCC_WARN_UNUSED_FUNCTION = YES;
				GCC_WARN_UNUSED_VARIABLE = YES;
				IPHONEOS_DEPLOYMENT_TARGET = 13.7;
				MTL_ENABLE_DEBUG_INFO = INCLUDE_SOURCE;
				MTL_FAST_MATH = YES;
				ONLY_ACTIVE_ARCH = YES;
				SDKROOT = iphoneos;
				SWIFT_ACTIVE_COMPILATION_CONDITIONS = DEBUG;
				SWIFT_OPTIMIZATION_LEVEL = "-Onone";
			};
			name = Debug;
		};
		ACDE9138250F7DC8003C403B /* Release */ = {
			isa = XCBuildConfiguration;
			buildSettings = {
				ALWAYS_SEARCH_USER_PATHS = NO;
				CLANG_ANALYZER_NONNULL = YES;
				CLANG_ANALYZER_NUMBER_OBJECT_CONVERSION = YES_AGGRESSIVE;
				CLANG_CXX_LANGUAGE_STANDARD = "gnu++14";
				CLANG_CXX_LIBRARY = "libc++";
				CLANG_ENABLE_MODULES = YES;
				CLANG_ENABLE_OBJC_ARC = YES;
				CLANG_ENABLE_OBJC_WEAK = YES;
				CLANG_WARN_BLOCK_CAPTURE_AUTORELEASING = YES;
				CLANG_WARN_BOOL_CONVERSION = YES;
				CLANG_WARN_COMMA = YES;
				CLANG_WARN_CONSTANT_CONVERSION = YES;
				CLANG_WARN_DEPRECATED_OBJC_IMPLEMENTATIONS = YES;
				CLANG_WARN_DIRECT_OBJC_ISA_USAGE = YES_ERROR;
				CLANG_WARN_DOCUMENTATION_COMMENTS = YES;
				CLANG_WARN_EMPTY_BODY = YES;
				CLANG_WARN_ENUM_CONVERSION = YES;
				CLANG_WARN_INFINITE_RECURSION = YES;
				CLANG_WARN_INT_CONVERSION = YES;
				CLANG_WARN_NON_LITERAL_NULL_CONVERSION = YES;
				CLANG_WARN_OBJC_IMPLICIT_RETAIN_SELF = YES;
				CLANG_WARN_OBJC_LITERAL_CONVERSION = YES;
				CLANG_WARN_OBJC_ROOT_CLASS = YES_ERROR;
				CLANG_WARN_RANGE_LOOP_ANALYSIS = YES;
				CLANG_WARN_STRICT_PROTOTYPES = YES;
				CLANG_WARN_SUSPICIOUS_MOVE = YES;
				CLANG_WARN_UNGUARDED_AVAILABILITY = YES_AGGRESSIVE;
				CLANG_WARN_UNREACHABLE_CODE = YES;
				CLANG_WARN__DUPLICATE_METHOD_MATCH = YES;
				COPY_PHASE_STRIP = NO;
				DEBUG_INFORMATION_FORMAT = "dwarf-with-dsym";
				ENABLE_NS_ASSERTIONS = NO;
				ENABLE_STRICT_OBJC_MSGSEND = YES;
				GCC_C_LANGUAGE_STANDARD = gnu11;
				GCC_NO_COMMON_BLOCKS = YES;
				GCC_WARN_64_TO_32_BIT_CONVERSION = YES;
				GCC_WARN_ABOUT_RETURN_TYPE = YES_ERROR;
				GCC_WARN_UNDECLARED_SELECTOR = YES;
				GCC_WARN_UNINITIALIZED_AUTOS = YES_AGGRESSIVE;
				GCC_WARN_UNUSED_FUNCTION = YES;
				GCC_WARN_UNUSED_VARIABLE = YES;
				IPHONEOS_DEPLOYMENT_TARGET = 13.7;
				MTL_ENABLE_DEBUG_INFO = NO;
				MTL_FAST_MATH = YES;
				SDKROOT = iphoneos;
				SWIFT_COMPILATION_MODE = wholemodule;
				SWIFT_OPTIMIZATION_LEVEL = "-O";
				VALIDATE_PRODUCT = YES;
			};
			name = Release;
		};
		ACDE913A250F7DC8003C403B /* Debug */ = {
			isa = XCBuildConfiguration;
			buildSettings = {
				ASSETCATALOG_COMPILER_APPICON_NAME = AppIcon;
				CODE_SIGN_STYLE = Automatic;
				DEVELOPMENT_TEAM = JDH6F56W4P;
				INFOPLIST_FILE = JsonPlaceHolderApp/Info.plist;
				LD_RUNPATH_SEARCH_PATHS = (
					"$(inherited)",
					"@executable_path/Frameworks",
				);
				PRODUCT_BUNDLE_IDENTIFIER = com.ae.JsonPlaceHolderApp;
				PRODUCT_NAME = "$(TARGET_NAME)";
				SWIFT_VERSION = 5.0;
				TARGETED_DEVICE_FAMILY = "1,2";
			};
			name = Debug;
		};
		ACDE913B250F7DC8003C403B /* Release */ = {
			isa = XCBuildConfiguration;
			buildSettings = {
				ASSETCATALOG_COMPILER_APPICON_NAME = AppIcon;
				CODE_SIGN_STYLE = Automatic;
				DEVELOPMENT_TEAM = JDH6F56W4P;
				INFOPLIST_FILE = JsonPlaceHolderApp/Info.plist;
				LD_RUNPATH_SEARCH_PATHS = (
					"$(inherited)",
					"@executable_path/Frameworks",
				);
				PRODUCT_BUNDLE_IDENTIFIER = com.ae.JsonPlaceHolderApp;
				PRODUCT_NAME = "$(TARGET_NAME)";
				SWIFT_VERSION = 5.0;
				TARGETED_DEVICE_FAMILY = "1,2";
			};
			name = Release;
		};
/* End XCBuildConfiguration section */

/* Begin XCConfigurationList section */
		ACDE9120250F7DC6003C403B /* Build configuration list for PBXProject "JsonPlaceHolderApp" */ = {
			isa = XCConfigurationList;
			buildConfigurations = (
				ACDE9137250F7DC8003C403B /* Debug */,
				ACDE9138250F7DC8003C403B /* Release */,
			);
			defaultConfigurationIsVisible = 0;
			defaultConfigurationName = Release;
		};
		ACDE9139250F7DC8003C403B /* Build configuration list for PBXNativeTarget "JsonPlaceHolderApp" */ = {
			isa = XCConfigurationList;
			buildConfigurations = (
				ACDE913A250F7DC8003C403B /* Debug */,
				ACDE913B250F7DC8003C403B /* Release */,
			);
			defaultConfigurationIsVisible = 0;
			defaultConfigurationName = Release;
		};
/* End XCConfigurationList section */

/* Begin XCRemoteSwiftPackageReference section */
		AC02C72625122A66003B4650 /* XCRemoteSwiftPackageReference "Alamofire" */ = {
			isa = XCRemoteSwiftPackageReference;
			repositoryURL = "https://github.com/Alamofire/Alamofire";
			requirement = {
				kind = upToNextMajorVersion;
				minimumVersion = 5.2.2;
			};
		};
/* End XCRemoteSwiftPackageReference section */

/* Begin XCSwiftPackageProductDependency section */
		AC02C72725122A66003B4650 /* Alamofire */ = {
			isa = XCSwiftPackageProductDependency;
			package = AC02C72625122A66003B4650 /* XCRemoteSwiftPackageReference "Alamofire" */;
			productName = Alamofire;
		};
/* End XCSwiftPackageProductDependency section */
	};
	rootObject = ACDE911D250F7DC6003C403B /* Project object */;
}
